// !$*UTF8*$!
{
	archiveVersion = 1;
	classes = {
	};
	objectVersion = 46;
	objects = {

/* Begin PBXBuildFile section */
		4F49A21B1F2AB1E200867684 /* AppDelegate.swift in Sources */ = {isa = PBXBuildFile; fileRef = 4F49A21A1F2AB1E200867684 /* AppDelegate.swift */; };
		4F49A21D1F2AB1E200867684 /* ViewController.swift in Sources */ = {isa = PBXBuildFile; fileRef = 4F49A21C1F2AB1E200867684 /* ViewController.swift */; };
		4F49A2221F2AB1E200867684 /* Assets.xcassets in Resources */ = {isa = PBXBuildFile; fileRef = 4F49A2211F2AB1E200867684 /* Assets.xcassets */; };
		4F49A2251F2AB1E200867684 /* LaunchScreen.storyboard in Resources */ = {isa = PBXBuildFile; fileRef = 4F49A2231F2AB1E200867684 /* LaunchScreen.storyboard */; };
		4F49A2311F2AC4D800867684 /* ObjcTestView.m in Sources */ = {isa = PBXBuildFile; fileRef = 4F49A2301F2AC4D800867684 /* ObjcTestView.m */; };
/* End PBXBuildFile section */

/* Begin PBXFileReference section */
		4F49A2171F2AB1E200867684 /* BuckTest.app */ = {isa = PBXFileReference; explicitFileType = wrapper.application; includeInIndex = 0; path = BuckTest.app; sourceTree = BUILT_PRODUCTS_DIR; };
		4F49A21A1F2AB1E200867684 /* AppDelegate.swift */ = {isa = PBXFileReference; lastKnownFileType = sourcecode.swift; path = AppDelegate.swift; sourceTree = "<group>"; };
		4F49A21C1F2AB1E200867684 /* ViewController.swift */ = {isa = PBXFileReference; lastKnownFileType = sourcecode.swift; path = ViewController.swift; sourceTree = "<group>"; };
		4F49A2211F2AB1E200867684 /* Assets.xcassets */ = {isa = PBXFileReference; lastKnownFileType = folder.assetcatalog; path = Assets.xcassets; sourceTree = "<group>"; };
		4F49A2241F2AB1E200867684 /* Base */ = {isa = PBXFileReference; lastKnownFileType = file.storyboard; name = Base; path = Base.lproj/LaunchScreen.storyboard; sourceTree = "<group>"; };
		4F49A2261F2AB1E200867684 /* Info.plist */ = {isa = PBXFileReference; lastKnownFileType = text.plist.xml; path = Info.plist; sourceTree = "<group>"; };
		4F49A22E1F2AC4D700867684 /* BuckTest-Bridging-Header.h */ = {isa = PBXFileReference; lastKnownFileType = sourcecode.c.h; path = "BuckTest-Bridging-Header.h"; sourceTree = "<group>"; };
		4F49A22F1F2AC4D800867684 /* ObjcTestView.h */ = {isa = PBXFileReference; fileEncoding = 4; lastKnownFileType = sourcecode.c.h; path = ObjcTestView.h; sourceTree = "<group>"; };
		4F49A2301F2AC4D800867684 /* ObjcTestView.m */ = {isa = PBXFileReference; fileEncoding = 4; lastKnownFileType = sourcecode.c.objc; path = ObjcTestView.m; sourceTree = "<group>"; };
/* End PBXFileReference section */

/* Begin PBXFrameworksBuildPhase section */
		4F49A2141F2AB1E200867684 /* Frameworks */ = {
			isa = PBXFrameworksBuildPhase;
			buildActionMask = 2147483647;
			files = (
			);
			runOnlyForDeploymentPostprocessing = 0;
		};
/* End PBXFrameworksBuildPhase section */

/* Begin PBXGroup section */
		4F49A20E1F2AB1E200867684 = {
			isa = PBXGroup;
			children = (
				4F49A2191F2AB1E200867684 /* BuckTest */,
				4F49A2181F2AB1E200867684 /* Products */,
			);
			sourceTree = "<group>";
		};
		4F49A2181F2AB1E200867684 /* Products */ = {
			isa = PBXGroup;
			children = (
				4F49A2171F2AB1E200867684 /* BuckTest.app */,
			);
			name = Products;
			sourceTree = "<group>";
		};
		4F49A2191F2AB1E200867684 /* BuckTest */ = {
			isa = PBXGroup;
			children = (
				4F49A21A1F2AB1E200867684 /* AppDelegate.swift */,
				4F49A21C1F2AB1E200867684 /* ViewController.swift */,
				4F49A2211F2AB1E200867684 /* Assets.xcassets */,
				4F49A2231F2AB1E200867684 /* LaunchScreen.storyboard */,
				4F49A2261F2AB1E200867684 /* Info.plist */,
				4F49A22F1F2AC4D800867684 /* ObjcTestView.h */,
				4F49A2301F2AC4D800867684 /* ObjcTestView.m */,
				4F49A22E1F2AC4D700867684 /* BuckTest-Bridging-Header.h */,
			);
			path = BuckTest;
			sourceTree = "<group>";
		};
/* End PBXGroup section */

/* Begin PBXNativeTarget section */
		4F49A2161F2AB1E200867684 /* BuckTest */ = {
			isa = PBXNativeTarget;
			buildConfigurationList = 4F49A2291F2AB1E200867684 /* Build configuration list for PBXNativeTarget "BuckTest" */;
			buildPhases = (
				4F49A2131F2AB1E200867684 /* Sources */,
				4F49A2141F2AB1E200867684 /* Frameworks */,
				4F49A2151F2AB1E200867684 /* Resources */,
			);
			buildRules = (
			);
			dependencies = (
			);
			name = BuckTest;
			productName = BuckTest;
			productReference = 4F49A2171F2AB1E200867684 /* BuckTest.app */;
			productType = "com.apple.product-type.application";
		};
/* End PBXNativeTarget section */

/* Begin PBXProject section */
		4F49A20F1F2AB1E200867684 /* Project object */ = {
			isa = PBXProject;
			attributes = {
				LastSwiftUpdateCheck = 0830;
				LastUpgradeCheck = 0830;
				ORGANIZATIONNAME = "Noah Gilmore";
				TargetAttributes = {
					4F49A2161F2AB1E200867684 = {
						CreatedOnToolsVersion = 8.3.1;
						DevelopmentTeam = 29P3YRFLV5;
						LastSwiftMigration = 0830;
						ProvisioningStyle = Automatic;
					};
				};
			};
			buildConfigurationList = 4F49A2121F2AB1E200867684 /* Build configuration list for PBXProject "BuckTest" */;
			compatibilityVersion = "Xcode 3.2";
			developmentRegion = English;
			hasScannedForEncodings = 0;
			knownRegions = (
				en,
				Base,
			);
			mainGroup = 4F49A20E1F2AB1E200867684;
			productRefGroup = 4F49A2181F2AB1E200867684 /* Products */;
			projectDirPath = "";
			projectRoot = "";
			targets = (
				4F49A2161F2AB1E200867684 /* BuckTest */,
			);
		};
/* End PBXProject section */

/* Begin PBXResourcesBuildPhase section */
		4F49A2151F2AB1E200867684 /* Resources */ = {
			isa = PBXResourcesBuildPhase;
			buildActionMask = 2147483647;
			files = (
				4F49A2251F2AB1E200867684 /* LaunchScreen.storyboard in Resources */,
				4F49A2221F2AB1E200867684 /* Assets.xcassets in Resources */,
			);
			runOnlyForDeploymentPostprocessing = 0;
		};
/* End PBXResourcesBuildPhase section */

/* Begin PBXSourcesBuildPhase section */
		4F49A2131F2AB1E200867684 /* Sources */ = {
			isa = PBXSourcesBuildPhase;
			buildActionMask = 2147483647;
			files = (
				4F49A2311F2AC4D800867684 /* ObjcTestView.m in Sources */,
				4F49A21D1F2AB1E200867684 /* ViewController.swift in Sources */,
				4F49A21B1F2AB1E200867684 /* AppDelegate.swift in Sources */,
			);
			runOnlyForDeploymentPostprocessing = 0;
		};
/* End PBXSourcesBuildPhase section */

/* Begin PBXVariantGroup section */
		4F49A2231F2AB1E200867684 /* LaunchScreen.storyboard */ = {
			isa = PBXVariantGroup;
			children = (
				4F49A2241F2AB1E200867684 /* Base */,
			);
			name = LaunchScreen.storyboard;
			sourceTree = "<group>";
		};
/* End PBXVariantGroup section */

/* Begin XCBuildConfiguration section */
		4F49A2271F2AB1E200867684 /* Debug */ = {
			isa = XCBuildConfiguration;
			buildSettings = {
				ALWAYS_SEARCH_USER_PATHS = NO;
				CLANG_ANALYZER_NONNULL = YES;
				CLANG_ANALYZER_NUMBER_OBJECT_CONVERSION = YES_AGGRESSIVE;
				CLANG_CXX_LANGUAGE_STANDARD = "gnu++0x";
				CLANG_CXX_LIBRARY = "libc++";
				CLANG_ENABLE_MODULES = YES;
				CLANG_ENABLE_OBJC_ARC = YES;
				CLANG_WARN_BOOL_CONVERSION = YES;
				CLANG_WARN_CONSTANT_CONVERSION = YES;
				CLANG_WARN_DIRECT_OBJC_ISA_USAGE = YES_ERROR;
				CLANG_WARN_DOCUMENTATION_COMMENTS = YES;
				CLANG_WARN_EMPTY_BODY = YES;
				CLANG_WARN_ENUM_CONVERSION = YES;
				CLANG_WARN_INFINITE_RECURSION = YES;
				CLANG_WARN_INT_CONVERSION = YES;
				CLANG_WARN_OBJC_ROOT_CLASS = YES_ERROR;
				CLANG_WARN_SUSPICIOUS_MOVE = YES;
				CLANG_WARN_UNREACHABLE_CODE = YES;
				CLANG_WARN__DUPLICATE_METHOD_MATCH = YES;
				"CODE_SIGN_IDENTITY[sdk=iphoneos*]" = "iPhone Developer";
				COPY_PHASE_STRIP = NO;
				DEBUG_INFORMATION_FORMAT = dwarf;
				ENABLE_STRICT_OBJC_MSGSEND = YES;
				ENABLE_TESTABILITY = YES;
				GCC_C_LANGUAGE_STANDARD = gnu99;
				GCC_DYNAMIC_NO_PIC = NO;
				GCC_NO_COMMON_BLOCKS = YES;
				GCC_OPTIMIZATION_LEVEL = 0;
				GCC_PREPROCESSOR_DEFINITIONS = (
					"DEBUG=1",
					"$(inherited)",
				);
				GCC_WARN_64_TO_32_BIT_CONVERSION = YES;
				GCC_WARN_ABOUT_RETURN_TYPE = YES_ERROR;
				GCC_WARN_UNDECLARED_SELECTOR = YES;
				GCC_WARN_UNINITIALIZED_AUTOS = YES_AGGRESSIVE;
				GCC_WARN_UNUSED_FUNCTION = YES;
				GCC_WARN_UNUSED_VARIABLE = YES;
				IPHONEOS_DEPLOYMENT_TARGET = 10.3;
				MTL_ENABLE_DEBUG_INFO = YES;
				ONLY_ACTIVE_ARCH = YES;
				SDKROOT = iphoneos;
				SWIFT_ACTIVE_COMPILATION_CONDITIONS = DEBUG;
				SWIFT_OPTIMIZATION_LEVEL = "-Onone";
			};
			name = Debug;
		};
		4F49A2281F2AB1E200867684 /* Release */ = {
			isa = XCBuildConfiguration;
			buildSettings = {
				ALWAYS_SEARCH_USER_PATHS = NO;
				CLANG_ANALYZER_NONNULL = YES;
				CLANG_ANALYZER_NUMBER_OBJECT_CONVERSION = YES_AGGRESSIVE;
				CLANG_CXX_LANGUAGE_STANDARD = "gnu++0x";
				CLANG_CXX_LIBRARY = "libc++";
				CLANG_ENABLE_MODULES = YES;
				CLANG_ENABLE_OBJC_ARC = YES;
				CLANG_WARN_BOOL_CONVERSION = YES;
				CLANG_WARN_CONSTANT_CONVERSION = YES;
				CLANG_WARN_DIRECT_OBJC_ISA_USAGE = YES_ERROR;
				CLANG_WARN_DOCUMENTATION_COMMENTS = YES;
				CLANG_WARN_EMPTY_BODY = YES;
				CLANG_WARN_ENUM_CONVERSION = YES;
				CLANG_WARN_INFINITE_RECURSION = YES;
				CLANG_WARN_INT_CONVERSION = YES;
				CLANG_WARN_OBJC_ROOT_CLASS = YES_ERROR;
				CLANG_WARN_SUSPICIOUS_MOVE = YES;
				CLANG_WARN_UNREACHABLE_CODE = YES;
				CLANG_WARN__DUPLICATE_METHOD_MATCH = YES;
				"CODE_SIGN_IDENTITY[sdk=iphoneos*]" = "iPhone Developer";
				COPY_PHASE_STRIP = NO;
				DEBUG_INFORMATION_FORMAT = "dwarf-with-dsym";
				ENABLE_NS_ASSERTIONS = NO;
				ENABLE_STRICT_OBJC_MSGSEND = YES;
				GCC_C_LANGUAGE_STANDARD = gnu99;
				GCC_NO_COMMON_BLOCKS = YES;
				GCC_WARN_64_TO_32_BIT_CONVERSION = YES;
				GCC_WARN_ABOUT_RETURN_TYPE = YES_ERROR;
				GCC_WARN_UNDECLARED_SELECTOR = YES;
				GCC_WARN_UNINITIALIZED_AUTOS = YES_AGGRESSIVE;
				GCC_WARN_UNUSED_FUNCTION = YES;
				GCC_WARN_UNUSED_VARIABLE = YES;
				IPHONEOS_DEPLOYMENT_TARGET = 10.3;
				MTL_ENABLE_DEBUG_INFO = NO;
				SDKROOT = iphoneos;
				SWIFT_OPTIMIZATION_LEVEL = "-Owholemodule";
				VALIDATE_PRODUCT = YES;
			};
			name = Release;
		};
		4F49A22A1F2AB1E200867684 /* Debug */ = {
			isa = XCBuildConfiguration;
			buildSettings = {
				ASSETCATALOG_COMPILER_APPICON_NAME = AppIcon;
				CLANG_ENABLE_MODULES = YES;
				DEVELOPMENT_TEAM = 29P3YRFLV5;
				INFOPLIST_FILE = BuckTest/Info.plist;
				LD_RUNPATH_SEARCH_PATHS = "$(inherited) @executable_path/Frameworks";
				PRODUCT_BUNDLE_IDENTIFIER = com.noahgilmore.BuckTest;
				PRODUCT_NAME = "$(TARGET_NAME)";
				SWIFT_OBJC_BRIDGING_HEADER = "BuckTest/BuckTest-Bridging-Header.h";
				SWIFT_OPTIMIZATION_LEVEL = "-Onone";
				SWIFT_VERSION = 3.0;
			};
			name = Debug;
		};
		4F49A22B1F2AB1E200867684 /* Release */ = {
			isa = XCBuildConfiguration;
			buildSettings = {
				ASSETCATALOG_COMPILER_APPICON_NAME = AppIcon;
				CLANG_ENABLE_MODULES = YES;
				DEVELOPMENT_TEAM = 29P3YRFLV5;
				INFOPLIST_FILE = BuckTest/Info.plist;
				LD_RUNPATH_SEARCH_PATHS = "$(inherited) @executable_path/Frameworks";
				PRODUCT_BUNDLE_IDENTIFIER = com.noahgilmore.BuckTest;
				PRODUCT_NAME = "$(TARGET_NAME)";
				SWIFT_OBJC_BRIDGING_HEADER = "BuckTest/BuckTest-Bridging-Header.h";
				SWIFT_VERSION = 3.0;
			};
			name = Release;
		};
/* End XCBuildConfiguration section */

/* Begin XCConfigurationList section */
		4F49A2121F2AB1E200867684 /* Build configuration list for PBXProject "BuckTest" */ = {
			isa = XCConfigurationList;
			buildConfigurations = (
				4F49A2271F2AB1E200867684 /* Debug */,
				4F49A2281F2AB1E200867684 /* Release */,
			);
			defaultConfigurationIsVisible = 0;
			defaultConfigurationName = Release;
		};
		4F49A2291F2AB1E200867684 /* Build configuration list for PBXNativeTarget "BuckTest" */ = {
			isa = XCConfigurationList;
			buildConfigurations = (
				4F49A22A1F2AB1E200867684 /* Debug */,
				4F49A22B1F2AB1E200867684 /* Release */,
			);
			defaultConfigurationIsVisible = 0;
		};
/* End XCConfigurationList section */
	};
	rootObject = 4F49A20F1F2AB1E200867684 /* Project object */;
}
